
Microsoft Visual Studio Solution File, Format Version 12.00
# Visual Studio Version 17
VisualStudioVersion = 17.8.34330.188
MinimumVisualStudioVersion = 10.0.40219.1
Project("{FAE04EC0-301F-11D3-BF4B-00C04F79EFBC}") = "EmreBekfilaviogluOdev", "EmreBekfilaviogluOdev\EmreBekfilaviogluOdev.csproj", "{DE7A523A-409F-44D4-82CE-2B27DCE960FB}"
EndProject
Global
	GlobalSection(SolutionConfigurationPlatforms) = preSolution
		Debug|Any CPU = Debug|Any CPU
		Release|Any CPU = Release|Any CPU
	EndGlobalSection
	GlobalSection(ProjectConfigurationPlatforms) = postSolution
		{DE7A523A-409F-44D4-82CE-2B27DCE960FB}.Debug|Any CPU.ActiveCfg = Debug|Any CPU
		{DE7A523A-409F-44D4-82CE-2B27DCE960FB}.Debug|Any CPU.Build.0 = Debug|Any CPU
		{DE7A523A-409F-44D4-82CE-2B27DCE960FB}.Release|Any CPU.ActiveCfg = Release|Any CPU
		{DE7A523A-409F-44D4-82CE-2B27DCE960FB}.Release|Any CPU.Build.0 = Release|Any CPU
	EndGlobalSection
	GlobalSection(SolutionProperties) = preSolution
		HideSolutionNode = FALSE
	EndGlobalSection
	GlobalSection(ExtensibilityGlobals) = postSolution
		SolutionGuid = {FC086E5E-FB16-462A-A853-7AEF3C02762A}
	EndGlobalSection
EndGlobal
